
Microsoft Visual Studio Solution File, Format Version 12.00
# Visual Studio 14
VisualStudioVersion = 14.0.24720.0
MinimumVisualStudioVersion = 10.0.40219.1
Project("{581633EB-B896-402F-8E60-36F3DA191C85}") = "Holamundo_lightswicth", "Holamundo_lightswicth\Holamundo_lightswicth.lsxtproj", "{D2F760E5-D4A3-4047-BF7E-895B4BA98087}"
EndProject
Project("{F184B08F-C81C-45F6-A57F-5ABD9991F28F}") = "Holamundo_lightswicth.Server", "Holamundo_lightswicth\Holamundo_lightswicth.Server\Holamundo_lightswicth.Server.vbproj", "{AE9929E1-758C-4F48-B246-5A737E2CE43C}"
EndProject
Project("{262852C6-CD72-467D-83FE-5EEB1973A190}") = "Holamundo_lightswicth.HTMLClient", "Holamundo_lightswicth\Holamundo_lightswicth.HTMLClient\Holamundo_lightswicth.HTMLClient.jsproj", "{A27908C0-17DC-4CCD-AC52-2E422824FB49}"
EndProject
Global
	GlobalSection(SolutionConfigurationPlatforms) = preSolution
		Debug|Any CPU = Debug|Any CPU
		Release|Any CPU = Release|Any CPU
	EndGlobalSection
	GlobalSection(ProjectConfigurationPlatforms) = postSolution
		{D2F760E5-D4A3-4047-BF7E-895B4BA98087}.Debug|Any CPU.ActiveCfg = Debug|Any CPU
		{D2F760E5-D4A3-4047-BF7E-895B4BA98087}.Debug|Any CPU.Build.0 = Debug|Any CPU
		{D2F760E5-D4A3-4047-BF7E-895B4BA98087}.Release|Any CPU.ActiveCfg = Release|Any CPU
		{D2F760E5-D4A3-4047-BF7E-895B4BA98087}.Release|Any CPU.Build.0 = Release|Any CPU
		{AE9929E1-758C-4F48-B246-5A737E2CE43C}.Debug|Any CPU.ActiveCfg = Debug|Any CPU
		{AE9929E1-758C-4F48-B246-5A737E2CE43C}.Debug|Any CPU.Build.0 = Debug|Any CPU
		{AE9929E1-758C-4F48-B246-5A737E2CE43C}.Release|Any CPU.ActiveCfg = Release|Any CPU
		{AE9929E1-758C-4F48-B246-5A737E2CE43C}.Release|Any CPU.Build.0 = Release|Any CPU
		{A27908C0-17DC-4CCD-AC52-2E422824FB49}.Debug|Any CPU.ActiveCfg = Debug|Any CPU
		{A27908C0-17DC-4CCD-AC52-2E422824FB49}.Debug|Any CPU.Build.0 = Debug|Any CPU
		{A27908C0-17DC-4CCD-AC52-2E422824FB49}.Release|Any CPU.ActiveCfg = Release|Any CPU
		{A27908C0-17DC-4CCD-AC52-2E422824FB49}.Release|Any CPU.Build.0 = Release|Any CPU
	EndGlobalSection
	GlobalSection(SolutionProperties) = preSolution
		HideSolutionNode = FALSE
	EndGlobalSection
EndGlobal
